# This file is automatically @generated by Cargo.
# It is not intended for manual editing.
version = 4

[[package]]
name = "hid-rgb-ctl"
version = "0.2.6"
dependencies = [
 "lexopt",
 "libc",
]

[[package]]
name = "lexopt"
version = "0.3.2"
source = "registry+https://github.com/rust-lang/crates.io-index"
checksum = "803ec87c9cfb29b9d2633f20cba1f488db3fd53f2158b1024cbefb47ba05d413"

[[package]]
name = "libc"
version = "0.2.185"
source = "registry+https://github.com/rust-lang/crates.io-index"
checksum = "52ff2c0fe9bc6cb6b14a0592c2ff4fa9ceb83eea9db979b0487cd054946a2b8f"
